
Microsoft Visual Studio Solution File, Format Version 12.00
# Visual Studio 15
VisualStudioVersion = 15.0.28307.645
MinimumVisualStudioVersion = 10.0.40219.1
Project("{FAE04EC0-301F-11D3-BF4B-00C04F79EFBC}") = "Exercicio10", "Exercicio10\Exercicio10.csproj", "{ED6FFE55-6CBA-451B-92A5-1CCBDF89907A}"
EndProject
Global
	GlobalSection(SolutionConfigurationPlatforms) = preSolution
		Debug|Any CPU = Debug|Any CPU
		Release|Any CPU = Release|Any CPU
	EndGlobalSection
	GlobalSection(ProjectConfigurationPlatforms) = postSolution
		{ED6FFE55-6CBA-451B-92A5-1CCBDF89907A}.Debug|Any CPU.ActiveCfg = Debug|Any CPU
		{ED6FFE55-6CBA-451B-92A5-1CCBDF89907A}.Debug|Any CPU.Build.0 = Debug|Any CPU
		{ED6FFE55-6CBA-451B-92A5-1CCBDF89907A}.Release|Any CPU.ActiveCfg = Release|Any CPU
		{ED6FFE55-6CBA-451B-92A5-1CCBDF89907A}.Release|Any CPU.Build.0 = Release|Any CPU
	EndGlobalSection
	GlobalSection(SolutionProperties) = preSolution
		HideSolutionNode = FALSE
	EndGlobalSection
	GlobalSection(ExtensibilityGlobals) = postSolution
		SolutionGuid = {21C01AC7-90DE-4BB5-9622-3296B2143CA8}
	EndGlobalSection
EndGlobal
